
Microsoft Visual Studio Solution File, Format Version 12.00
# Visual Studio Version 17
VisualStudioVersion = 17.4.33122.133
MinimumVisualStudioVersion = 10.0.40219.1
Project("{FAE04EC0-301F-11D3-BF4B-00C04F79EFBC}") = "ProjectEmployees.API", "ProjectEmployees.API\ProjectEmployees.API.csproj", "{3162A92E-81A9-4C8C-9C8B-E26BAC612614}"
EndProject
Global
	GlobalSection(SolutionConfigurationPlatforms) = preSolution
		Debug|Any CPU = Debug|Any CPU
		Release|Any CPU = Release|Any CPU
	EndGlobalSection
	GlobalSection(ProjectConfigurationPlatforms) = postSolution
		{3162A92E-81A9-4C8C-9C8B-E26BAC612614}.Debug|Any CPU.ActiveCfg = Debug|Any CPU
		{3162A92E-81A9-4C8C-9C8B-E26BAC612614}.Debug|Any CPU.Build.0 = Debug|Any CPU
		{3162A92E-81A9-4C8C-9C8B-E26BAC612614}.Release|Any CPU.ActiveCfg = Release|Any CPU
		{3162A92E-81A9-4C8C-9C8B-E26BAC612614}.Release|Any CPU.Build.0 = Release|Any CPU
	EndGlobalSection
	GlobalSection(SolutionProperties) = preSolution
		HideSolutionNode = FALSE
	EndGlobalSection
	GlobalSection(ExtensibilityGlobals) = postSolution
		SolutionGuid = {6A0EE7B1-1B28-4C0B-A0E2-D9D8DA2044D7}
	EndGlobalSection
EndGlobal
